
Microsoft Visual Studio Solution File, Format Version 12.00
# Visual Studio Version 16
VisualStudioVersion = 16.0.30002.166
MinimumVisualStudioVersion = 10.0.40219.1
Project("{FAE04EC0-301F-11D3-BF4B-00C04F79EFBC}") = "ExamenAccionaIT", "ExamenAccionaIT\ExamenAccionaIT.csproj", "{F291E84F-7D7A-4036-AC8B-BDD106E9DC06}"
EndProject
Project("{FAE04EC0-301F-11D3-BF4B-00C04F79EFBC}") = "TestMetodos", "TestUnitarios\TestMetodos.csproj", "{07EDCB0C-30EA-4504-8FF2-241BC51029A8}"
EndProject
Project("{FAE04EC0-301F-11D3-BF4B-00C04F79EFBC}") = "ExamenAccionaITTests", "ExamenAccionaITTests\ExamenAccionaITTests.csproj", "{F7FC6DB0-ACF5-4134-A157-20A8A228897A}"
EndProject
Global
	GlobalSection(SolutionConfigurationPlatforms) = preSolution
		Debug|Any CPU = Debug|Any CPU
		Release|Any CPU = Release|Any CPU
	EndGlobalSection
	GlobalSection(ProjectConfigurationPlatforms) = postSolution
		{F291E84F-7D7A-4036-AC8B-BDD106E9DC06}.Debug|Any CPU.ActiveCfg = Debug|Any CPU
		{F291E84F-7D7A-4036-AC8B-BDD106E9DC06}.Debug|Any CPU.Build.0 = Debug|Any CPU
		{F291E84F-7D7A-4036-AC8B-BDD106E9DC06}.Release|Any CPU.ActiveCfg = Release|Any CPU
		{F291E84F-7D7A-4036-AC8B-BDD106E9DC06}.Release|Any CPU.Build.0 = Release|Any CPU
		{07EDCB0C-30EA-4504-8FF2-241BC51029A8}.Debug|Any CPU.ActiveCfg = Debug|Any CPU
		{07EDCB0C-30EA-4504-8FF2-241BC51029A8}.Debug|Any CPU.Build.0 = Debug|Any CPU
		{07EDCB0C-30EA-4504-8FF2-241BC51029A8}.Release|Any CPU.ActiveCfg = Release|Any CPU
		{07EDCB0C-30EA-4504-8FF2-241BC51029A8}.Release|Any CPU.Build.0 = Release|Any CPU
		{F7FC6DB0-ACF5-4134-A157-20A8A228897A}.Debug|Any CPU.ActiveCfg = Debug|Any CPU
		{F7FC6DB0-ACF5-4134-A157-20A8A228897A}.Debug|Any CPU.Build.0 = Debug|Any CPU
		{F7FC6DB0-ACF5-4134-A157-20A8A228897A}.Release|Any CPU.ActiveCfg = Release|Any CPU
		{F7FC6DB0-ACF5-4134-A157-20A8A228897A}.Release|Any CPU.Build.0 = Release|Any CPU
	EndGlobalSection
	GlobalSection(SolutionProperties) = preSolution
		HideSolutionNode = FALSE
	EndGlobalSection
	GlobalSection(ExtensibilityGlobals) = postSolution
		SolutionGuid = {6EDD7659-8ED4-4883-8F98-9E4652B10703}
	EndGlobalSection
EndGlobal
